
Microsoft Visual Studio Solution File, Format Version 12.00
# Visual Studio Version 16
VisualStudioVersion = 16.0.29926.136
MinimumVisualStudioVersion = 10.0.40219.1
Project("{8BC9CEB8-8B4A-11D0-8D11-00A0C91BC942}") = "RamTest", "RamTest\RamTest.vcxproj", "{800C1A2F-ABF1-45B9-BCF0-C985565EC9E6}"
EndProject
Global
	GlobalSection(SolutionConfigurationPlatforms) = preSolution
		Debug|x64 = Debug|x64
		Debug|x86 = Debug|x86
		Release|x64 = Release|x64
		Release|x86 = Release|x86
	EndGlobalSection
	GlobalSection(ProjectConfigurationPlatforms) = postSolution
		{800C1A2F-ABF1-45B9-BCF0-C985565EC9E6}.Debug|x64.ActiveCfg = Debug|x64
		{800C1A2F-ABF1-45B9-BCF0-C985565EC9E6}.Debug|x64.Build.0 = Debug|x64
		{800C1A2F-ABF1-45B9-BCF0-C985565EC9E6}.Debug|x86.ActiveCfg = Debug|Win32
		{800C1A2F-ABF1-45B9-BCF0-C985565EC9E6}.Debug|x86.Build.0 = Debug|Win32
		{800C1A2F-ABF1-45B9-BCF0-C985565EC9E6}.Release|x64.ActiveCfg = Release|x64
		{800C1A2F-ABF1-45B9-BCF0-C985565EC9E6}.Release|x64.Build.0 = Release|x64
		{800C1A2F-ABF1-45B9-BCF0-C985565EC9E6}.Release|x86.ActiveCfg = Release|Win32
		{800C1A2F-ABF1-45B9-BCF0-C985565EC9E6}.Release|x86.Build.0 = Release|Win32
	EndGlobalSection
	GlobalSection(SolutionProperties) = preSolution
		HideSolutionNode = FALSE
	EndGlobalSection
	GlobalSection(ExtensibilityGlobals) = postSolution
		SolutionGuid = {ED1E61A9-4C89-4661-85C6-D7E7647D0C6F}
	EndGlobalSection
EndGlobal
